
Microsoft Visual Studio Solution File, Format Version 10.00
# Visual Studio 2008
Project("{F184B08F-C81C-45F6-A57F-5ABD9991F28F}") = "Pwner", "Pwner.vbproj", "{990998D0-E44F-4D65-B20A-1F7D0CCDD84A}"
EndProject
Global
	GlobalSection(SolutionConfigurationPlatforms) = preSolution
		Debug|Any CPU = Debug|Any CPU
		Release|Any CPU = Release|Any CPU
	EndGlobalSection
	GlobalSection(ProjectConfigurationPlatforms) = postSolution
		{990998D0-E44F-4D65-B20A-1F7D0CCDD84A}.Debug|Any CPU.ActiveCfg = Debug|Any CPU
		{990998D0-E44F-4D65-B20A-1F7D0CCDD84A}.Debug|Any CPU.Build.0 = Debug|Any CPU
		{990998D0-E44F-4D65-B20A-1F7D0CCDD84A}.Release|Any CPU.ActiveCfg = Release|Any CPU
		{990998D0-E44F-4D65-B20A-1F7D0CCDD84A}.Release|Any CPU.Build.0 = Release|Any CPU
	EndGlobalSection
	GlobalSection(SolutionProperties) = preSolution
		HideSolutionNode = FALSE
	EndGlobalSection
EndGlobal
